
Microsoft Visual Studio Solution File, Format Version 12.00
# Visual Studio Version 16
VisualStudioVersion = 16.0.31402.337
MinimumVisualStudioVersion = 10.0.40219.1
Project("{9A19103F-16F7-4668-BE54-9A1E7A4F7556}") = "AuthorizationAPI", "AuthorizationAPI.csproj", "{C2C3CC38-5E58-4887-88CF-EE202C0320A8}"
EndProject
Project("{9A19103F-16F7-4668-BE54-9A1E7A4F7556}") = "AuthorizationAPI.Tests", "..\AuthorizationAPI.Tests\AuthorizationAPI.Tests.csproj", "{E468286F-576D-4EEA-B222-92138342B94E}"
EndProject
Global
	GlobalSection(SolutionConfigurationPlatforms) = preSolution
		Debug|Any CPU = Debug|Any CPU
		Release|Any CPU = Release|Any CPU
	EndGlobalSection
	GlobalSection(ProjectConfigurationPlatforms) = postSolution
		{C2C3CC38-5E58-4887-88CF-EE202C0320A8}.Debug|Any CPU.ActiveCfg = Debug|Any CPU
		{C2C3CC38-5E58-4887-88CF-EE202C0320A8}.Debug|Any CPU.Build.0 = Debug|Any CPU
		{C2C3CC38-5E58-4887-88CF-EE202C0320A8}.Release|Any CPU.ActiveCfg = Release|Any CPU
		{C2C3CC38-5E58-4887-88CF-EE202C0320A8}.Release|Any CPU.Build.0 = Release|Any CPU
		{E468286F-576D-4EEA-B222-92138342B94E}.Debug|Any CPU.ActiveCfg = Debug|Any CPU
		{E468286F-576D-4EEA-B222-92138342B94E}.Debug|Any CPU.Build.0 = Debug|Any CPU
		{E468286F-576D-4EEA-B222-92138342B94E}.Release|Any CPU.ActiveCfg = Release|Any CPU
		{E468286F-576D-4EEA-B222-92138342B94E}.Release|Any CPU.Build.0 = Release|Any CPU
	EndGlobalSection
	GlobalSection(SolutionProperties) = preSolution
		HideSolutionNode = FALSE
	EndGlobalSection
	GlobalSection(ExtensibilityGlobals) = postSolution
		SolutionGuid = {BF839987-9AE3-44A7-8759-932A706A0B44}
	EndGlobalSection
EndGlobal
