
Microsoft Visual Studio Solution File, Format Version 12.00
# Visual Studio Version 16
VisualStudioVersion = 16.0.31424.327
MinimumVisualStudioVersion = 10.0.40219.1
Project("{9A19103F-16F7-4668-BE54-9A1E7A4F7556}") = "PackagingAndDelivery_Microservise", "PackagingAndDelivery_Microservise\PackagingAndDelivery_Microservise.csproj", "{5FFE4405-C5CC-4F4C-84D7-E9A1D7F4E41E}"
EndProject
Project("{FAE04EC0-301F-11D3-BF4B-00C04F79EFBC}") = "PackageAndDeliveryTests", "PackageAndDeliveryTests\PackageAndDeliveryTests.csproj", "{012745D2-7D51-417E-B1F7-BD008F05B3A0}"
EndProject
Global
	GlobalSection(SolutionConfigurationPlatforms) = preSolution
		Debug|Any CPU = Debug|Any CPU
		Release|Any CPU = Release|Any CPU
	EndGlobalSection
	GlobalSection(ProjectConfigurationPlatforms) = postSolution
		{5FFE4405-C5CC-4F4C-84D7-E9A1D7F4E41E}.Debug|Any CPU.ActiveCfg = Debug|Any CPU
		{5FFE4405-C5CC-4F4C-84D7-E9A1D7F4E41E}.Debug|Any CPU.Build.0 = Debug|Any CPU
		{5FFE4405-C5CC-4F4C-84D7-E9A1D7F4E41E}.Release|Any CPU.ActiveCfg = Release|Any CPU
		{5FFE4405-C5CC-4F4C-84D7-E9A1D7F4E41E}.Release|Any CPU.Build.0 = Release|Any CPU
		{012745D2-7D51-417E-B1F7-BD008F05B3A0}.Debug|Any CPU.ActiveCfg = Debug|Any CPU
		{012745D2-7D51-417E-B1F7-BD008F05B3A0}.Debug|Any CPU.Build.0 = Debug|Any CPU
		{012745D2-7D51-417E-B1F7-BD008F05B3A0}.Release|Any CPU.ActiveCfg = Release|Any CPU
		{012745D2-7D51-417E-B1F7-BD008F05B3A0}.Release|Any CPU.Build.0 = Release|Any CPU
	EndGlobalSection
	GlobalSection(SolutionProperties) = preSolution
		HideSolutionNode = FALSE
	EndGlobalSection
	GlobalSection(ExtensibilityGlobals) = postSolution
		SolutionGuid = {03BBB219-C805-474A-B4A9-205A7F253642}
	EndGlobalSection
EndGlobal
