
Microsoft Visual Studio Solution File, Format Version 12.00
# Visual Studio Version 16
VisualStudioVersion = 16.0.31402.337
MinimumVisualStudioVersion = 10.0.40219.1
Project("{FAE04EC0-301F-11D3-BF4B-00C04F79EFBC}") = "Return Order Portal", "Return Order Portal.csproj", "{F53EE4C8-7082-4E41-A3D6-BF8B98F786F4}"
EndProject
Global
	GlobalSection(SolutionConfigurationPlatforms) = preSolution
		Debug|Any CPU = Debug|Any CPU
		Release|Any CPU = Release|Any CPU
	EndGlobalSection
	GlobalSection(ProjectConfigurationPlatforms) = postSolution
		{F53EE4C8-7082-4E41-A3D6-BF8B98F786F4}.Debug|Any CPU.ActiveCfg = Debug|Any CPU
		{F53EE4C8-7082-4E41-A3D6-BF8B98F786F4}.Debug|Any CPU.Build.0 = Debug|Any CPU
		{F53EE4C8-7082-4E41-A3D6-BF8B98F786F4}.Release|Any CPU.ActiveCfg = Release|Any CPU
		{F53EE4C8-7082-4E41-A3D6-BF8B98F786F4}.Release|Any CPU.Build.0 = Release|Any CPU
	EndGlobalSection
	GlobalSection(SolutionProperties) = preSolution
		HideSolutionNode = FALSE
	EndGlobalSection
	GlobalSection(ExtensibilityGlobals) = postSolution
		SolutionGuid = {0D015B54-0C25-456A-BB33-079DD74ACB16}
	EndGlobalSection
EndGlobal
